// !$*UTF8*$!
{
	archiveVersion = 1;
	classes = {
	};
	objectVersion = 46;
	objects = {

/* Begin PBXBuildFile section */
		3DABF0CD1EA752BE00E3765E /* PrioritizedList.cpp in Sources */ = {isa = PBXBuildFile; fileRef = 3DABF0CB1EA752BE00E3765E /* PrioritizedList.cpp */; };
		3DABF0D01EA7557500E3765E /* Cinema.cpp in Sources */ = {isa = PBXBuildFile; fileRef = 3DABF0CE1EA7557500E3765E /* Cinema.cpp */; };
		3DABF0D31EA755A400E3765E /* Theater.cpp in Sources */ = {isa = PBXBuildFile; fileRef = 3DABF0D11EA755A400E3765E /* Theater.cpp */; };
		3DCA02751E81AC94007E27C0 /* main.cpp in Sources */ = {isa = PBXBuildFile; fileRef = 3DCA02741E81AC94007E27C0 /* main.cpp */; };
		3DCA027D1E81ACA5007E27C0 /* Menu.cpp in Sources */ = {isa = PBXBuildFile; fileRef = 3DCA027B1E81ACA5007E27C0 /* Menu.cpp */; };
		3DCA02801E81B337007E27C0 /* Places.cpp in Sources */ = {isa = PBXBuildFile; fileRef = 3DCA027E1E81B337007E27C0 /* Places.cpp */; };
/* End PBXBuildFile section */

/* Begin PBXCopyFilesBuildPhase section */
		3DCA026F1E81AC94007E27C0 /* CopyFiles */ = {
			isa = PBXCopyFilesBuildPhase;
			buildActionMask = 2147483647;
			dstPath = /usr/share/man/man1/;
			dstSubfolderSpec = 0;
			files = (
			);
			runOnlyForDeploymentPostprocessing = 1;
		};
/* End PBXCopyFilesBuildPhase section */

/* Begin PBXFileReference section */
		3DABF0CB1EA752BE00E3765E /* PrioritizedList.cpp */ = {isa = PBXFileReference; fileEncoding = 4; lastKnownFileType = sourcecode.cpp.cpp; path = PrioritizedList.cpp; sourceTree = "<group>"; };
		3DABF0CC1EA752BE00E3765E /* PrioritizedList.hpp */ = {isa = PBXFileReference; fileEncoding = 4; lastKnownFileType = sourcecode.cpp.h; path = PrioritizedList.hpp; sourceTree = "<group>"; };
		3DABF0CE1EA7557500E3765E /* Cinema.cpp */ = {isa = PBXFileReference; fileEncoding = 4; lastKnownFileType = sourcecode.cpp.cpp; path = Cinema.cpp; sourceTree = "<group>"; };
		3DABF0CF1EA7557500E3765E /* Cinema.hpp */ = {isa = PBXFileReference; fileEncoding = 4; lastKnownFileType = sourcecode.cpp.h; path = Cinema.hpp; sourceTree = "<group>"; };
		3DABF0D11EA755A400E3765E /* Theater.cpp */ = {isa = PBXFileReference; fileEncoding = 4; lastKnownFileType = sourcecode.cpp.cpp; path = Theater.cpp; sourceTree = "<group>"; };
		3DABF0D21EA755A400E3765E /* Theater.hpp */ = {isa = PBXFileReference; fileEncoding = 4; lastKnownFileType = sourcecode.cpp.h; path = Theater.hpp; sourceTree = "<group>"; };
		3DCA02711E81AC94007E27C0 /* Kursach */ = {isa = PBXFileReference; explicitFileType = "compiled.mach-o.executable"; includeInIndex = 0; path = Kursach; sourceTree = BUILT_PRODUCTS_DIR; };
		3DCA02741E81AC94007E27C0 /* main.cpp */ = {isa = PBXFileReference; lastKnownFileType = sourcecode.cpp.cpp; path = main.cpp; sourceTree = "<group>"; };
		3DCA027B1E81ACA5007E27C0 /* Menu.cpp */ = {isa = PBXFileReference; fileEncoding = 4; lastKnownFileType = sourcecode.cpp.cpp; path = Menu.cpp; sourceTree = "<group>"; };
		3DCA027C1E81ACA5007E27C0 /* Menu.hpp */ = {isa = PBXFileReference; fileEncoding = 4; lastKnownFileType = sourcecode.cpp.h; path = Menu.hpp; sourceTree = "<group>"; };
		3DCA027E1E81B337007E27C0 /* Places.cpp */ = {isa = PBXFileReference; fileEncoding = 4; lastKnownFileType = sourcecode.cpp.cpp; path = Places.cpp; sourceTree = "<group>"; };
		3DCA027F1E81B337007E27C0 /* Places.hpp */ = {isa = PBXFileReference; fileEncoding = 4; lastKnownFileType = sourcecode.cpp.h; path = Places.hpp; sourceTree = "<group>"; };
/* End PBXFileReference section */

/* Begin PBXFrameworksBuildPhase section */
		3DCA026E1E81AC94007E27C0 /* Frameworks */ = {
			isa = PBXFrameworksBuildPhase;
			buildActionMask = 2147483647;
			files = (
			);
			runOnlyForDeploymentPostprocessing = 0;
		};
/* End PBXFrameworksBuildPhase section */

/* Begin PBXGroup section */
		3DCA02681E81AC94007E27C0 = {
			isa = PBXGroup;
			children = (
				3DCA02731E81AC94007E27C0 /* Kursach */,
				3DCA02721E81AC94007E27C0 /* Products */,
			);
			sourceTree = "<group>";
		};
		3DCA02721E81AC94007E27C0 /* Products */ = {
			isa = PBXGroup;
			children = (
				3DCA02711E81AC94007E27C0 /* Kursach */,
			);
			name = Products;
			sourceTree = "<group>";
		};
		3DCA02731E81AC94007E27C0 /* Kursach */ = {
			isa = PBXGroup;
			children = (
				3DCA02741E81AC94007E27C0 /* main.cpp */,
				3DCA027B1E81ACA5007E27C0 /* Menu.cpp */,
				3DCA027C1E81ACA5007E27C0 /* Menu.hpp */,
				3DCA027E1E81B337007E27C0 /* Places.cpp */,
				3DCA027F1E81B337007E27C0 /* Places.hpp */,
				3DABF0CB1EA752BE00E3765E /* PrioritizedList.cpp */,
				3DABF0CC1EA752BE00E3765E /* PrioritizedList.hpp */,
				3DABF0CE1EA7557500E3765E /* Cinema.cpp */,
				3DABF0CF1EA7557500E3765E /* Cinema.hpp */,
				3DABF0D11EA755A400E3765E /* Theater.cpp */,
				3DABF0D21EA755A400E3765E /* Theater.hpp */,
			);
			path = Kursach;
			sourceTree = "<group>";
		};
/* End PBXGroup section */

/* Begin PBXNativeTarget section */
		3DCA02701E81AC94007E27C0 /* Kursach */ = {
			isa = PBXNativeTarget;
			buildConfigurationList = 3DCA02781E81AC94007E27C0 /* Build configuration list for PBXNativeTarget "Kursach" */;
			buildPhases = (
				3DCA026D1E81AC94007E27C0 /* Sources */,
				3DCA026E1E81AC94007E27C0 /* Frameworks */,
				3DCA026F1E81AC94007E27C0 /* CopyFiles */,
			);
			buildRules = (
			);
			dependencies = (
			);
			name = Kursach;
			productName = Kursach;
			productReference = 3DCA02711E81AC94007E27C0 /* Kursach */;
			productType = "com.apple.product-type.tool";
		};
/* End PBXNativeTarget section */

/* Begin PBXProject section */
		3DCA02691E81AC94007E27C0 /* Project object */ = {
			isa = PBXProject;
			attributes = {
				LastUpgradeCheck = 0820;
				ORGANIZATIONNAME = "Anton Solyarik";
				TargetAttributes = {
					3DCA02701E81AC94007E27C0 = {
						CreatedOnToolsVersion = 8.2.1;
						ProvisioningStyle = Automatic;
					};
				};
			};
			buildConfigurationList = 3DCA026C1E81AC94007E27C0 /* Build configuration list for PBXProject "Kursach" */;
			compatibilityVersion = "Xcode 3.2";
			developmentRegion = English;
			hasScannedForEncodings = 0;
			knownRegions = (
				en,
			);
			mainGroup = 3DCA02681E81AC94007E27C0;
			productRefGroup = 3DCA02721E81AC94007E27C0 /* Products */;
			projectDirPath = "";
			projectRoot = "";
			targets = (
				3DCA02701E81AC94007E27C0 /* Kursach */,
			);
		};
/* End PBXProject section */

/* Begin PBXSourcesBuildPhase section */
		3DCA026D1E81AC94007E27C0 /* Sources */ = {
			isa = PBXSourcesBuildPhase;
			buildActionMask = 2147483647;
			files = (
				3DCA027D1E81ACA5007E27C0 /* Menu.cpp in Sources */,
				3DABF0D31EA755A400E3765E /* Theater.cpp in Sources */,
				3DABF0D01EA7557500E3765E /* Cinema.cpp in Sources */,
				3DABF0CD1EA752BE00E3765E /* PrioritizedList.cpp in Sources */,
				3DCA02801E81B337007E27C0 /* Places.cpp in Sources */,
				3DCA02751E81AC94007E27C0 /* main.cpp in Sources */,
			);
			runOnlyForDeploymentPostprocessing = 0;
		};
/* End PBXSourcesBuildPhase section */

/* Begin XCBuildConfiguration section */
		3DCA02761E81AC94007E27C0 /* Debug */ = {
			isa = XCBuildConfiguration;
			buildSettings = {
				ALWAYS_SEARCH_USER_PATHS = NO;
				CLANG_ANALYZER_NONNULL = YES;
				CLANG_CXX_LANGUAGE_STANDARD = "gnu++0x";
				CLANG_CXX_LIBRARY = "libc++";
				CLANG_ENABLE_MODULES = YES;
				CLANG_ENABLE_OBJC_ARC = YES;
				CLANG_WARN_BOOL_CONVERSION = YES;
				CLANG_WARN_CONSTANT_CONVERSION = YES;
				CLANG_WARN_DIRECT_OBJC_ISA_USAGE = YES_ERROR;
				CLANG_WARN_DOCUMENTATION_COMMENTS = YES;
				CLANG_WARN_EMPTY_BODY = YES;
				CLANG_WARN_ENUM_CONVERSION = YES;
				CLANG_WARN_INFINITE_RECURSION = YES;
				CLANG_WARN_INT_CONVERSION = YES;
				CLANG_WARN_OBJC_ROOT_CLASS = YES_ERROR;
				CLANG_WARN_SUSPICIOUS_MOVE = YES;
				CLANG_WARN_UNREACHABLE_CODE = YES;
				CLANG_WARN__DUPLICATE_METHOD_MATCH = YES;
				CODE_SIGN_IDENTITY = "-";
				COPY_PHASE_STRIP = NO;
				DEBUG_INFORMATION_FORMAT = dwarf;
				ENABLE_STRICT_OBJC_MSGSEND = YES;
				ENABLE_TESTABILITY = YES;
				GCC_C_LANGUAGE_STANDARD = gnu99;
				GCC_DYNAMIC_NO_PIC = NO;
				GCC_NO_COMMON_BLOCKS = YES;
				GCC_OPTIMIZATION_LEVEL = 0;
				GCC_PREPROCESSOR_DEFINITIONS = (
					"DEBUG=1",
					"$(inherited)",
				);
				GCC_WARN_64_TO_32_BIT_CONVERSION = YES;
				GCC_WARN_ABOUT_RETURN_TYPE = YES_ERROR;
				GCC_WARN_UNDECLARED_SELECTOR = YES;
				GCC_WARN_UNINITIALIZED_AUTOS = YES_AGGRESSIVE;
				GCC_WARN_UNUSED_FUNCTION = YES;
				GCC_WARN_UNUSED_VARIABLE = YES;
				MACOSX_DEPLOYMENT_TARGET = 10.12;
				MTL_ENABLE_DEBUG_INFO = YES;
				ONLY_ACTIVE_ARCH = YES;
				SDKROOT = macosx;
			};
			name = Debug;
		};
		3DCA02771E81AC94007E27C0 /* Release */ = {
			isa = XCBuildConfiguration;
			buildSettings = {
				ALWAYS_SEARCH_USER_PATHS = NO;
				CLANG_ANALYZER_NONNULL = YES;
				CLANG_CXX_LANGUAGE_STANDARD = "gnu++0x";
				CLANG_CXX_LIBRARY = "libc++";
				CLANG_ENABLE_MODULES = YES;
				CLANG_ENABLE_OBJC_ARC = YES;
				CLANG_WARN_BOOL_CONVERSION = YES;
				CLANG_WARN_CONSTANT_CONVERSION = YES;
				CLANG_WARN_DIRECT_OBJC_ISA_USAGE = YES_ERROR;
				CLANG_WARN_DOCUMENTATION_COMMENTS = YES;
				CLANG_WARN_EMPTY_BODY = YES;
				CLANG_WARN_ENUM_CONVERSION = YES;
				CLANG_WARN_INFINITE_RECURSION = YES;
				CLANG_WARN_INT_CONVERSION = YES;
				CLANG_WARN_OBJC_ROOT_CLASS = YES_ERROR;
				CLANG_WARN_SUSPICIOUS_MOVE = YES;
				CLANG_WARN_UNREACHABLE_CODE = YES;
				CLANG_WARN__DUPLICATE_METHOD_MATCH = YES;
				CODE_SIGN_IDENTITY = "-";
				COPY_PHASE_STRIP = NO;
				DEBUG_INFORMATION_FORMAT = "dwarf-with-dsym";
				ENABLE_NS_ASSERTIONS = NO;
				ENABLE_STRICT_OBJC_MSGSEND = YES;
				GCC_C_LANGUAGE_STANDARD = gnu99;
				GCC_NO_COMMON_BLOCKS = YES;
				GCC_WARN_64_TO_32_BIT_CONVERSION = YES;
				GCC_WARN_ABOUT_RETURN_TYPE = YES_ERROR;
				GCC_WARN_UNDECLARED_SELECTOR = YES;
				GCC_WARN_UNINITIALIZED_AUTOS = YES_AGGRESSIVE;
				GCC_WARN_UNUSED_FUNCTION = YES;
				GCC_WARN_UNUSED_VARIABLE = YES;
				MACOSX_DEPLOYMENT_TARGET = 10.12;
				MTL_ENABLE_DEBUG_INFO = NO;
				SDKROOT = macosx;
			};
			name = Release;
		};
		3DCA02791E81AC94007E27C0 /* Debug */ = {
			isa = XCBuildConfiguration;
			buildSettings = {
				PRODUCT_NAME = "$(TARGET_NAME)";
			};
			name = Debug;
		};
		3DCA027A1E81AC94007E27C0 /* Release */ = {
			isa = XCBuildConfiguration;
			buildSettings = {
				PRODUCT_NAME = "$(TARGET_NAME)";
			};
			name = Release;
		};
/* End XCBuildConfiguration section */

/* Begin XCConfigurationList section */
		3DCA026C1E81AC94007E27C0 /* Build configuration list for PBXProject "Kursach" */ = {
			isa = XCConfigurationList;
			buildConfigurations = (
				3DCA02761E81AC94007E27C0 /* Debug */,
				3DCA02771E81AC94007E27C0 /* Release */,
			);
			defaultConfigurationIsVisible = 0;
			defaultConfigurationName = Release;
		};
		3DCA02781E81AC94007E27C0 /* Build configuration list for PBXNativeTarget "Kursach" */ = {
			isa = XCConfigurationList;
			buildConfigurations = (
				3DCA02791E81AC94007E27C0 /* Debug */,
				3DCA027A1E81AC94007E27C0 /* Release */,
			);
			defaultConfigurationIsVisible = 0;
			defaultConfigurationName = Release;
		};
/* End XCConfigurationList section */
	};
	rootObject = 3DCA02691E81AC94007E27C0 /* Project object */;
}
